{
  "originHash" : "c88d2c1f0b2c1e2a581a700ecd8a9c7351fed5c3f5767675cd732b806f2ffec0",
  "pins" : [
    {
      "identity" : "shoplive-sdk-ios",
      "kind" : "remoteSourceControl",
      "location" : "https://github.com/shoplive/shoplive-sdk-ios",
      "state" : {
        "revision" : "a1a168a669f4492fdf014c2f5c0462b2f37c31a2",
        "version" : "3.0.0"
      }
    }
  ],
  "version" : 3
}
