{
  "originHash" : "c88d2c1f0b2c1e2a581a700ecd8a9c7351fed5c3f5767675cd732b806f2ffec0",
  "pins" : [
    {
      "identity" : "shoplive-sdk-ios",
      "kind" : "remoteSourceControl",
      "location" : "https://github.com/shoplive/shoplive-sdk-ios",
      "state" : {
        "revision" : "b6a3788034121bbaeebdb918905fc195bc13e49f",
        "version" : "3.0.2"
      }
    }
  ],
  "version" : 3
}
