{
  "pins" : [
    {
      "identity" : "shoplive-sdk-ios",
      "kind" : "remoteSourceControl",
      "location" : "https://github.com/shoplive/shoplive-sdk-ios",
      "state" : {
        "revision" : "a1a168a669f4492fdf014c2f5c0462b2f37c31a2",
        "version" : "3.0.0"
      }
    }
  ],
  "version" : 2
}
